{
  "nodes": {
    "flatpaks": {
      "inputs": {
        "nixpkgs": "nixpkgs",
        "utils": "utils"
      },
      "locked": {
        "lastModified": 1697952932,
        "narHash": "sha256-lq1AOCkwXea7x/WL5WgCzSH3ifaaKjSJF6IVPsl7x6E=",
        "owner": "GermanBread",
        "repo": "declarative-flatpak",
        "rev": "e95e50798021ac9a205b954c55746e67be439b9c",
        "type": "github"
      },
      "original": {
        "owner": "GermanBread",
        "ref": "stable",
        "repo": "declarative-flatpak",
        "type": "github"
      }
    },
    "nixpkgs": {
      "locked": {
        "lastModified": 1697777081,
        "narHash": "sha256-n2vQARhKevRGyeo+LAa8g+CdUQsdH/caNk8jnylcPhY=",
        "owner": "NixOS",
        "repo": "nixpkgs",
        "rev": "679cadfdfed2b90311a247b2d6ef6dfd3d6cab73",
        "type": "github"
      },
      "original": {
        "owner": "NixOS",
        "ref": "nixos-23.05",
        "repo": "nixpkgs",
        "type": "github"
      }
    },
    "nixpkgs_2": {
      "locked": {
        "lastModified": 1699186365,
        "narHash": "sha256-Pxrw5U8mBsL3NlrJ6q1KK1crzvSUcdfwb9083sKDrcU=",
        "owner": "NixOS",
        "repo": "nixpkgs",
        "rev": "a0b3b06b7a82c965ae0bb1d59f6e386fe755001d",
        "type": "github"
      },
      "original": {
        "id": "nixpkgs",
        "type": "indirect"
      }
    },
    "root": {
      "inputs": {
        "flatpaks": "flatpaks",
        "nixpkgs": "nixpkgs_2"
      }
    },
    "systems": {
      "locked": {
        "lastModified": 1681028828,
        "narHash": "sha256-Vy1rq5AaRuLzOxct8nz4T6wlgyUR7zLU309k9mBC768=",
        "owner": "nix-systems",
        "repo": "default",
        "rev": "da67096a3b9bf56a91d16901293e51ba5b49a27e",
        "type": "github"
      },
      "original": {
        "owner": "nix-systems",
        "repo": "default",
        "type": "github"
      }
    },
    "utils": {
      "inputs": {
        "systems": "systems"
      },
      "locked": {
        "lastModified": 1694529238,
        "narHash": "sha256-zsNZZGTGnMOf9YpHKJqMSsa0dXbfmxeoJ7xHlrt+xmY=",
        "owner": "numtide",
        "repo": "flake-utils",
        "rev": "ff7b65b44d01cf9ba6a71320833626af21126384",
        "type": "github"
      },
      "original": {
        "owner": "numtide",
        "repo": "flake-utils",
        "type": "github"
      }
    }
  },
  "root": "root",
  "version": 7
}
